
Microsoft Visual Studio Solution File, Format Version 12.00
# Visual Studio Version 17
VisualStudioVersion = 17.13.35931.197 d17.13
MinimumVisualStudioVersion = 10.0.40219.1
Project("{FAE04EC0-301F-11D3-BF4B-00C04F79EFBC}") = "SimpleStore", "SimpleStore.csproj", "{402D43E3-B4C3-47BD-A237-F3B56C5BD6B7}"
EndProject
Global
	GlobalSection(SolutionConfigurationPlatforms) = preSolution
		Debug|Any CPU = Debug|Any CPU
		Release|Any CPU = Release|Any CPU
	EndGlobalSection
	GlobalSection(ProjectConfigurationPlatforms) = postSolution
		{402D43E3-B4C3-47BD-A237-F3B56C5BD6B7}.Debug|Any CPU.ActiveCfg = Debug|Any CPU
		{402D43E3-B4C3-47BD-A237-F3B56C5BD6B7}.Debug|Any CPU.Build.0 = Debug|Any CPU
		{402D43E3-B4C3-47BD-A237-F3B56C5BD6B7}.Release|Any CPU.ActiveCfg = Release|Any CPU
		{402D43E3-B4C3-47BD-A237-F3B56C5BD6B7}.Release|Any CPU.Build.0 = Release|Any CPU
	EndGlobalSection
	GlobalSection(SolutionProperties) = preSolution
		HideSolutionNode = FALSE
	EndGlobalSection
	GlobalSection(ExtensibilityGlobals) = postSolution
		SolutionGuid = {B2AC13CD-8A82-4E9E-BC33-C79805C3ADC9}
	EndGlobalSection
EndGlobal
